Microsoft Visual Studio Solution File, Format Version 8.00
Project("{20D4826A-C6FA-45DB-90F4-C717570B9F32}") = "Connect4", "Connect4.csdproj", "{C4C93B88-9EDC-45A6-BBBC-6A7109CB2EBA}"
	ProjectSection(ProjectDependencies) = postProject
	EndProjectSection
EndProject
Global
	GlobalSection(SolutionConfiguration) = preSolution
		Debug = Debug
		Release = Release
	EndGlobalSection
	GlobalSection(ProjectConfiguration) = postSolution
		{C4C93B88-9EDC-45A6-BBBC-6A7109CB2EBA}.Debug.ActiveCfg = Debug|Pocket PC
		{C4C93B88-9EDC-45A6-BBBC-6A7109CB2EBA}.Debug.Build.0 = Debug|Pocket PC
		{C4C93B88-9EDC-45A6-BBBC-6A7109CB2EBA}.Debug.Deploy.0 = Debug|Pocket PC
		{C4C93B88-9EDC-45A6-BBBC-6A7109CB2EBA}.Release.ActiveCfg = Release|Pocket PC
		{C4C93B88-9EDC-45A6-BBBC-6A7109CB2EBA}.Release.Build.0 = Release|Pocket PC
		{C4C93B88-9EDC-45A6-BBBC-6A7109CB2EBA}.Release.Deploy.0 = Release|Pocket PC
	EndGlobalSection
	GlobalSection(ExtensibilityGlobals) = postSolution
	EndGlobalSection
	GlobalSection(ExtensibilityAddIns) = postSolution
	EndGlobalSection
EndGlobal
